// !$*UTF8*$!
{
	archiveVersion = 1;
	classes = {
	};
	objectVersion = 46;
	objects = {

/* Begin PBXBuildFile section */
		EC5EBE511E07C4C50030FDCF /* main.m in Sources */ = {isa = PBXBuildFile; fileRef = EC5EBE501E07C4C50030FDCF /* main.m */; };
		EC5EBE541E07C4C60030FDCF /* AppDelegate.m in Sources */ = {isa = PBXBuildFile; fileRef = EC5EBE531E07C4C60030FDCF /* AppDelegate.m */; };
		EC5EBE571E07C4C60030FDCF /* ViewController.m in Sources */ = {isa = PBXBuildFile; fileRef = EC5EBE561E07C4C60030FDCF /* ViewController.m */; };
		EC5EBE5A1E07C4C60030FDCF /* Main.storyboard in Resources */ = {isa = PBXBuildFile; fileRef = EC5EBE581E07C4C60030FDCF /* Main.storyboard */; };
		EC5EBE5C1E07C4C60030FDCF /* Assets.xcassets in Resources */ = {isa = PBXBuildFile; fileRef = EC5EBE5B1E07C4C60030FDCF /* Assets.xcassets */; };
		EC5EBE5F1E07C4C60030FDCF /* LaunchScreen.storyboard in Resources */ = {isa = PBXBuildFile; fileRef = EC5EBE5D1E07C4C60030FDCF /* LaunchScreen.storyboard */; };
		EC5EBE6A1E07C4C60030FDCF /* HYCameroDemoTests.m in Sources */ = {isa = PBXBuildFile; fileRef = EC5EBE691E07C4C60030FDCF /* HYCameroDemoTests.m */; };
		EC5EBE751E07C4C60030FDCF /* HYCameroDemoUITests.m in Sources */ = {isa = PBXBuildFile; fileRef = EC5EBE741E07C4C60030FDCF /* HYCameroDemoUITests.m */; };
		EC5EBE861E07C7ED0030FDCF /* AVCaptureDevice+FastttCamera.m in Sources */ = {isa = PBXBuildFile; fileRef = EC5EBE851E07C7ED0030FDCF /* AVCaptureDevice+FastttCamera.m */; };
		EC5EBE931E07C7FC0030FDCF /* FastttCamera.m in Sources */ = {isa = PBXBuildFile; fileRef = EC5EBE881E07C7FC0030FDCF /* FastttCamera.m */; };
		EC5EBE941E07C7FC0030FDCF /* FastttCapturedImage.m in Sources */ = {isa = PBXBuildFile; fileRef = EC5EBE8C1E07C7FC0030FDCF /* FastttCapturedImage.m */; };
		EC5EBE951E07C7FC0030FDCF /* FastttCapturedImage+Process.m in Sources */ = {isa = PBXBuildFile; fileRef = EC5EBE8E1E07C7FC0030FDCF /* FastttCapturedImage+Process.m */; };
		EC5EBE961E07C7FC0030FDCF /* FastttFocus.m in Sources */ = {isa = PBXBuildFile; fileRef = EC5EBE901E07C7FC0030FDCF /* FastttFocus.m */; };
		EC5EBE971E07C7FC0030FDCF /* FastttZoom.m in Sources */ = {isa = PBXBuildFile; fileRef = EC5EBE921E07C7FC0030FDCF /* FastttZoom.m */; };
		EC5EBE9E1E07C80A0030FDCF /* IFTTTDeviceOrientation.m in Sources */ = {isa = PBXBuildFile; fileRef = EC5EBE991E07C80A0030FDCF /* IFTTTDeviceOrientation.m */; };
		EC5EBE9F1E07C80A0030FDCF /* UIImage+FastttCamera.m in Sources */ = {isa = PBXBuildFile; fileRef = EC5EBE9B1E07C80A0030FDCF /* UIImage+FastttCamera.m */; };
		EC5EBEA01E07C80A0030FDCF /* UIViewController+FastttCamera.m in Sources */ = {isa = PBXBuildFile; fileRef = EC5EBE9D1E07C80A0030FDCF /* UIViewController+FastttCamera.m */; };
		EC5EBEAC1E07C8140030FDCF /* FastttEmptyFilter.m in Sources */ = {isa = PBXBuildFile; fileRef = EC5EBEA31E07C8140030FDCF /* FastttEmptyFilter.m */; };
		EC5EBEAD1E07C8140030FDCF /* FastttFilter.m in Sources */ = {isa = PBXBuildFile; fileRef = EC5EBEA51E07C8140030FDCF /* FastttFilter.m */; };
		EC5EBEAE1E07C8140030FDCF /* FastttFilterCamera.m in Sources */ = {isa = PBXBuildFile; fileRef = EC5EBEA71E07C8140030FDCF /* FastttFilterCamera.m */; };
		EC5EBEAF1E07C8140030FDCF /* FastttLookupFilter.m in Sources */ = {isa = PBXBuildFile; fileRef = EC5EBEA91E07C8140030FDCF /* FastttLookupFilter.m */; };
		EC5EBEB01E07C8140030FDCF /* UIImage+FastttFilters.m in Sources */ = {isa = PBXBuildFile; fileRef = EC5EBEAB1E07C8140030FDCF /* UIImage+FastttFilters.m */; };
/* End PBXBuildFile section */

/* Begin PBXContainerItemProxy section */
		EC5EBE661E07C4C60030FDCF /* PBXContainerItemProxy */ = {
			isa = PBXContainerItemProxy;
			containerPortal = EC5EBE441E07C4C50030FDCF /* Project object */;
			proxyType = 1;
			remoteGlobalIDString = EC5EBE4B1E07C4C50030FDCF;
			remoteInfo = HYCameroDemo;
		};
		EC5EBE711E07C4C60030FDCF /* PBXContainerItemProxy */ = {
			isa = PBXContainerItemProxy;
			containerPortal = EC5EBE441E07C4C50030FDCF /* Project object */;
			proxyType = 1;
			remoteGlobalIDString = EC5EBE4B1E07C4C50030FDCF;
			remoteInfo = HYCameroDemo;
		};
/* End PBXContainerItemProxy section */

/* Begin PBXFileReference section */
		EC5EBE4C1E07C4C50030FDCF /* HYCameroDemo.app */ = {isa = PBXFileReference; explicitFileType = wrapper.application; includeInIndex = 0; path = HYCameroDemo.app; sourceTree = BUILT_PRODUCTS_DIR; };
		EC5EBE501E07C4C50030FDCF /* main.m */ = {isa = PBXFileReference; lastKnownFileType = sourcecode.c.objc; path = main.m; sourceTree = "<group>"; };
		EC5EBE521E07C4C50030FDCF /* AppDelegate.h */ = {isa = PBXFileReference; lastKnownFileType = sourcecode.c.h; path = AppDelegate.h; sourceTree = "<group>"; };
		EC5EBE531E07C4C60030FDCF /* AppDelegate.m */ = {isa = PBXFileReference; lastKnownFileType = sourcecode.c.objc; path = AppDelegate.m; sourceTree = "<group>"; };
		EC5EBE551E07C4C60030FDCF /* ViewController.h */ = {isa = PBXFileReference; lastKnownFileType = sourcecode.c.h; path = ViewController.h; sourceTree = "<group>"; };
		EC5EBE561E07C4C60030FDCF /* ViewController.m */ = {isa = PBXFileReference; lastKnownFileType = sourcecode.c.objc; path = ViewController.m; sourceTree = "<group>"; };
		EC5EBE591E07C4C60030FDCF /* Base */ = {isa = PBXFileReference; lastKnownFileType = file.storyboard; name = Base; path = Base.lproj/Main.storyboard; sourceTree = "<group>"; };
		EC5EBE5B1E07C4C60030FDCF /* Assets.xcassets */ = {isa = PBXFileReference; lastKnownFileType = folder.assetcatalog; path = Assets.xcassets; sourceTree = "<group>"; };
		EC5EBE5E1E07C4C60030FDCF /* Base */ = {isa = PBXFileReference; lastKnownFileType = file.storyboard; name = Base; path = Base.lproj/LaunchScreen.storyboard; sourceTree = "<group>"; };
		EC5EBE601E07C4C60030FDCF /* Info.plist */ = {isa = PBXFileReference; lastKnownFileType = text.plist.xml; path = Info.plist; sourceTree = "<group>"; };
		EC5EBE651E07C4C60030FDCF /* HYCameroDemoTests.xctest */ = {isa = PBXFileReference; explicitFileType = wrapper.cfbundle; includeInIndex = 0; path = HYCameroDemoTests.xctest; sourceTree = BUILT_PRODUCTS_DIR; };
		EC5EBE691E07C4C60030FDCF /* HYCameroDemoTests.m */ = {isa = PBXFileReference; lastKnownFileType = sourcecode.c.objc; path = HYCameroDemoTests.m; sourceTree = "<group>"; };
		EC5EBE6B1E07C4C60030FDCF /* Info.plist */ = {isa = PBXFileReference; lastKnownFileType = text.plist.xml; path = Info.plist; sourceTree = "<group>"; };
		EC5EBE701E07C4C60030FDCF /* HYCameroDemoUITests.xctest */ = {isa = PBXFileReference; explicitFileType = wrapper.cfbundle; includeInIndex = 0; path = HYCameroDemoUITests.xctest; sourceTree = BUILT_PRODUCTS_DIR; };
		EC5EBE741E07C4C60030FDCF /* HYCameroDemoUITests.m */ = {isa = PBXFileReference; lastKnownFileType = sourcecode.c.objc; path = HYCameroDemoUITests.m; sourceTree = "<group>"; };
		EC5EBE761E07C4C60030FDCF /* Info.plist */ = {isa = PBXFileReference; lastKnownFileType = text.plist.xml; path = Info.plist; sourceTree = "<group>"; };
		EC5EBE841E07C7ED0030FDCF /* AVCaptureDevice+FastttCamera.h */ = {isa = PBXFileReference; fileEncoding = 4; lastKnownFileType = sourcecode.c.h; path = "AVCaptureDevice+FastttCamera.h"; sourceTree = "<group>"; };
		EC5EBE851E07C7ED0030FDCF /* AVCaptureDevice+FastttCamera.m */ = {isa = PBXFileReference; fileEncoding = 4; lastKnownFileType = sourcecode.c.objc; path = "AVCaptureDevice+FastttCamera.m"; sourceTree = "<group>"; };
		EC5EBE871E07C7FC0030FDCF /* FastttCamera.h */ = {isa = PBXFileReference; fileEncoding = 4; lastKnownFileType = sourcecode.c.h; path = FastttCamera.h; sourceTree = "<group>"; };
		EC5EBE881E07C7FC0030FDCF /* FastttCamera.m */ = {isa = PBXFileReference; fileEncoding = 4; lastKnownFileType = sourcecode.c.objc; path = FastttCamera.m; sourceTree = "<group>"; };
		EC5EBE891E07C7FC0030FDCF /* FastttCameraInterface.h */ = {isa = PBXFileReference; fileEncoding = 4; lastKnownFileType = sourcecode.c.h; path = FastttCameraInterface.h; sourceTree = "<group>"; };
		EC5EBE8A1E07C7FC0030FDCF /* FastttCameraTypes.h */ = {isa = PBXFileReference; fileEncoding = 4; lastKnownFileType = sourcecode.c.h; path = FastttCameraTypes.h; sourceTree = "<group>"; };
		EC5EBE8B1E07C7FC0030FDCF /* FastttCapturedImage.h */ = {isa = PBXFileReference; fileEncoding = 4; lastKnownFileType = sourcecode.c.h; path = FastttCapturedImage.h; sourceTree = "<group>"; };
		EC5EBE8C1E07C7FC0030FDCF /* FastttCapturedImage.m */ = {isa = PBXFileReference; fileEncoding = 4; lastKnownFileType = sourcecode.c.objc; path = FastttCapturedImage.m; sourceTree = "<group>"; };
		EC5EBE8D1E07C7FC0030FDCF /* FastttCapturedImage+Process.h */ = {isa = PBXFileReference; fileEncoding = 4; lastKnownFileType = sourcecode.c.h; path = "FastttCapturedImage+Process.h"; sourceTree = "<group>"; };
		EC5EBE8E1E07C7FC0030FDCF /* FastttCapturedImage+Process.m */ = {isa = PBXFileReference; fileEncoding = 4; lastKnownFileType = sourcecode.c.objc; path = "FastttCapturedImage+Process.m"; sourceTree = "<group>"; };
		EC5EBE8F1E07C7FC0030FDCF /* FastttFocus.h */ = {isa = PBXFileReference; fileEncoding = 4; lastKnownFileType = sourcecode.c.h; path = FastttFocus.h; sourceTree = "<group>"; };
		EC5EBE901E07C7FC0030FDCF /* FastttFocus.m */ = {isa = PBXFileReference; fileEncoding = 4; lastKnownFileType = sourcecode.c.objc; path = FastttFocus.m; sourceTree = "<group>"; };
		EC5EBE911E07C7FC0030FDCF /* FastttZoom.h */ = {isa = PBXFileReference; fileEncoding = 4; lastKnownFileType = sourcecode.c.h; path = FastttZoom.h; sourceTree = "<group>"; };
		EC5EBE921E07C7FC0030FDCF /* FastttZoom.m */ = {isa = PBXFileReference; fileEncoding = 4; lastKnownFileType = sourcecode.c.objc; path = FastttZoom.m; sourceTree = "<group>"; };
		EC5EBE981E07C80A0030FDCF /* IFTTTDeviceOrientation.h */ = {isa = PBXFileReference; fileEncoding = 4; lastKnownFileType = sourcecode.c.h; path = IFTTTDeviceOrientation.h; sourceTree = "<group>"; };
		EC5EBE991E07C80A0030FDCF /* IFTTTDeviceOrientation.m */ = {isa = PBXFileReference; fileEncoding = 4; lastKnownFileType = sourcecode.c.objc; path = IFTTTDeviceOrientation.m; sourceTree = "<group>"; };
		EC5EBE9A1E07C80A0030FDCF /* UIImage+FastttCamera.h */ = {isa = PBXFileReference; fileEncoding = 4; lastKnownFileType = sourcecode.c.h; path = "UIImage+FastttCamera.h"; sourceTree = "<group>"; };
		EC5EBE9B1E07C80A0030FDCF /* UIImage+FastttCamera.m */ = {isa = PBXFileReference; fileEncoding = 4; lastKnownFileType = sourcecode.c.objc; path = "UIImage+FastttCamera.m"; sourceTree = "<group>"; };
		EC5EBE9C1E07C80A0030FDCF /* UIViewController+FastttCamera.h */ = {isa = PBXFileReference; fileEncoding = 4; lastKnownFileType = sourcecode.c.h; path = "UIViewController+FastttCamera.h"; sourceTree = "<group>"; };
		EC5EBE9D1E07C80A0030FDCF /* UIViewController+FastttCamera.m */ = {isa = PBXFileReference; fileEncoding = 4; lastKnownFileType = sourcecode.c.objc; path = "UIViewController+FastttCamera.m"; sourceTree = "<group>"; };
		EC5EBEA21E07C8140030FDCF /* FastttEmptyFilter.h */ = {isa = PBXFileReference; fileEncoding = 4; lastKnownFileType = sourcecode.c.h; path = FastttEmptyFilter.h; sourceTree = "<group>"; };
		EC5EBEA31E07C8140030FDCF /* FastttEmptyFilter.m */ = {isa = PBXFileReference; fileEncoding = 4; lastKnownFileType = sourcecode.c.objc; path = FastttEmptyFilter.m; sourceTree = "<group>"; };
		EC5EBEA41E07C8140030FDCF /* FastttFilter.h */ = {isa = PBXFileReference; fileEncoding = 4; lastKnownFileType = sourcecode.c.h; path = FastttFilter.h; sourceTree = "<group>"; };
		EC5EBEA51E07C8140030FDCF /* FastttFilter.m */ = {isa = PBXFileReference; fileEncoding = 4; lastKnownFileType = sourcecode.c.objc; path = FastttFilter.m; sourceTree = "<group>"; };
		EC5EBEA61E07C8140030FDCF /* FastttFilterCamera.h */ = {isa = PBXFileReference; fileEncoding = 4; lastKnownFileType = sourcecode.c.h; path = FastttFilterCamera.h; sourceTree = "<group>"; };
		EC5EBEA71E07C8140030FDCF /* FastttFilterCamera.m */ = {isa = PBXFileReference; fileEncoding = 4; lastKnownFileType = sourcecode.c.objc; path = FastttFilterCamera.m; sourceTree = "<group>"; };
		EC5EBEA81E07C8140030FDCF /* FastttLookupFilter.h */ = {isa = PBXFileReference; fileEncoding = 4; lastKnownFileType = sourcecode.c.h; path = FastttLookupFilter.h; sourceTree = "<group>"; };
		EC5EBEA91E07C8140030FDCF /* FastttLookupFilter.m */ = {isa = PBXFileReference; fileEncoding = 4; lastKnownFileType = sourcecode.c.objc; path = FastttLookupFilter.m; sourceTree = "<group>"; };
		EC5EBEAA1E07C8140030FDCF /* UIImage+FastttFilters.h */ = {isa = PBXFileReference; fileEncoding = 4; lastKnownFileType = sourcecode.c.h; path = "UIImage+FastttFilters.h"; sourceTree = "<group>"; };
		EC5EBEAB1E07C8140030FDCF /* UIImage+FastttFilters.m */ = {isa = PBXFileReference; fileEncoding = 4; lastKnownFileType = sourcecode.c.objc; path = "UIImage+FastttFilters.m"; sourceTree = "<group>"; };
/* End PBXFileReference section */

/* Begin PBXFrameworksBuildPhase section */
		EC5EBE491E07C4C50030FDCF /* Frameworks */ = {
			isa = PBXFrameworksBuildPhase;
			buildActionMask = 2147483647;
			files = (
			);
			runOnlyForDeploymentPostprocessing = 0;
		};
		EC5EBE621E07C4C60030FDCF /* Frameworks */ = {
			isa = PBXFrameworksBuildPhase;
			buildActionMask = 2147483647;
			files = (
			);
			runOnlyForDeploymentPostprocessing = 0;
		};
		EC5EBE6D1E07C4C60030FDCF /* Frameworks */ = {
			isa = PBXFrameworksBuildPhase;
			buildActionMask = 2147483647;
			files = (
			);
			runOnlyForDeploymentPostprocessing = 0;
		};
/* End PBXFrameworksBuildPhase section */

/* Begin PBXGroup section */
		EC5EBE431E07C4C50030FDCF = {
			isa = PBXGroup;
			children = (
				EC5EBE4E1E07C4C50030FDCF /* HYCameroDemo */,
				EC5EBE681E07C4C60030FDCF /* HYCameroDemoTests */,
				EC5EBE731E07C4C60030FDCF /* HYCameroDemoUITests */,
				EC5EBE4D1E07C4C50030FDCF /* Products */,
			);
			sourceTree = "<group>";
		};
		EC5EBE4D1E07C4C50030FDCF /* Products */ = {
			isa = PBXGroup;
			children = (
				EC5EBE4C1E07C4C50030FDCF /* HYCameroDemo.app */,
				EC5EBE651E07C4C60030FDCF /* HYCameroDemoTests.xctest */,
				EC5EBE701E07C4C60030FDCF /* HYCameroDemoUITests.xctest */,
			);
			name = Products;
			sourceTree = "<group>";
		};
		EC5EBE4E1E07C4C50030FDCF /* HYCameroDemo */ = {
			isa = PBXGroup;
			children = (
				EC5EBE831E07C7BA0030FDCF /* FastttCamero */,
				EC5EBE521E07C4C50030FDCF /* AppDelegate.h */,
				EC5EBE531E07C4C60030FDCF /* AppDelegate.m */,
				EC5EBE551E07C4C60030FDCF /* ViewController.h */,
				EC5EBE561E07C4C60030FDCF /* ViewController.m */,
				EC5EBE581E07C4C60030FDCF /* Main.storyboard */,
				EC5EBE5B1E07C4C60030FDCF /* Assets.xcassets */,
				EC5EBE5D1E07C4C60030FDCF /* LaunchScreen.storyboard */,
				EC5EBE601E07C4C60030FDCF /* Info.plist */,
				EC5EBE4F1E07C4C50030FDCF /* Supporting Files */,
			);
			path = HYCameroDemo;
			sourceTree = "<group>";
		};
		EC5EBE4F1E07C4C50030FDCF /* Supporting Files */ = {
			isa = PBXGroup;
			children = (
				EC5EBE501E07C4C50030FDCF /* main.m */,
			);
			name = "Supporting Files";
			sourceTree = "<group>";
		};
		EC5EBE681E07C4C60030FDCF /* HYCameroDemoTests */ = {
			isa = PBXGroup;
			children = (
				EC5EBE691E07C4C60030FDCF /* HYCameroDemoTests.m */,
				EC5EBE6B1E07C4C60030FDCF /* Info.plist */,
			);
			path = HYCameroDemoTests;
			sourceTree = "<group>";
		};
		EC5EBE731E07C4C60030FDCF /* HYCameroDemoUITests */ = {
			isa = PBXGroup;
			children = (
				EC5EBE741E07C4C60030FDCF /* HYCameroDemoUITests.m */,
				EC5EBE761E07C4C60030FDCF /* Info.plist */,
			);
			path = HYCameroDemoUITests;
			sourceTree = "<group>";
		};
		EC5EBE831E07C7BA0030FDCF /* FastttCamero */ = {
			isa = PBXGroup;
			children = (
				EC5EBEA11E07C8140030FDCF /* Filters */,
				EC5EBE981E07C80A0030FDCF /* IFTTTDeviceOrientation.h */,
				EC5EBE991E07C80A0030FDCF /* IFTTTDeviceOrientation.m */,
				EC5EBE9A1E07C80A0030FDCF /* UIImage+FastttCamera.h */,
				EC5EBE9B1E07C80A0030FDCF /* UIImage+FastttCamera.m */,
				EC5EBE9C1E07C80A0030FDCF /* UIViewController+FastttCamera.h */,
				EC5EBE9D1E07C80A0030FDCF /* UIViewController+FastttCamera.m */,
				EC5EBE871E07C7FC0030FDCF /* FastttCamera.h */,
				EC5EBE881E07C7FC0030FDCF /* FastttCamera.m */,
				EC5EBE891E07C7FC0030FDCF /* FastttCameraInterface.h */,
				EC5EBE8A1E07C7FC0030FDCF /* FastttCameraTypes.h */,
				EC5EBE8B1E07C7FC0030FDCF /* FastttCapturedImage.h */,
				EC5EBE8C1E07C7FC0030FDCF /* FastttCapturedImage.m */,
				EC5EBE8D1E07C7FC0030FDCF /* FastttCapturedImage+Process.h */,
				EC5EBE8E1E07C7FC0030FDCF /* FastttCapturedImage+Process.m */,
				EC5EBE8F1E07C7FC0030FDCF /* FastttFocus.h */,
				EC5EBE901E07C7FC0030FDCF /* FastttFocus.m */,
				EC5EBE911E07C7FC0030FDCF /* FastttZoom.h */,
				EC5EBE921E07C7FC0030FDCF /* FastttZoom.m */,
				EC5EBE841E07C7ED0030FDCF /* AVCaptureDevice+FastttCamera.h */,
				EC5EBE851E07C7ED0030FDCF /* AVCaptureDevice+FastttCamera.m */,
			);
			name = FastttCamero;
			sourceTree = "<group>";
		};
		EC5EBEA11E07C8140030FDCF /* Filters */ = {
			isa = PBXGroup;
			children = (
				EC5EBEA21E07C8140030FDCF /* FastttEmptyFilter.h */,
				EC5EBEA31E07C8140030FDCF /* FastttEmptyFilter.m */,
				EC5EBEA41E07C8140030FDCF /* FastttFilter.h */,
				EC5EBEA51E07C8140030FDCF /* FastttFilter.m */,
				EC5EBEA61E07C8140030FDCF /* FastttFilterCamera.h */,
				EC5EBEA71E07C8140030FDCF /* FastttFilterCamera.m */,
				EC5EBEA81E07C8140030FDCF /* FastttLookupFilter.h */,
				EC5EBEA91E07C8140030FDCF /* FastttLookupFilter.m */,
				EC5EBEAA1E07C8140030FDCF /* UIImage+FastttFilters.h */,
				EC5EBEAB1E07C8140030FDCF /* UIImage+FastttFilters.m */,
			);
			path = Filters;
			sourceTree = "<group>";
		};
/* End PBXGroup section */

/* Begin PBXNativeTarget section */
		EC5EBE4B1E07C4C50030FDCF /* HYCameroDemo */ = {
			isa = PBXNativeTarget;
			buildConfigurationList = EC5EBE791E07C4C60030FDCF /* Build configuration list for PBXNativeTarget "HYCameroDemo" */;
			buildPhases = (
				EC5EBE481E07C4C50030FDCF /* Sources */,
				EC5EBE491E07C4C50030FDCF /* Frameworks */,
				EC5EBE4A1E07C4C50030FDCF /* Resources */,
			);
			buildRules = (
			);
			dependencies = (
			);
			name = HYCameroDemo;
			productName = HYCameroDemo;
			productReference = EC5EBE4C1E07C4C50030FDCF /* HYCameroDemo.app */;
			productType = "com.apple.product-type.application";
		};
		EC5EBE641E07C4C60030FDCF /* HYCameroDemoTests */ = {
			isa = PBXNativeTarget;
			buildConfigurationList = EC5EBE7C1E07C4C60030FDCF /* Build configuration list for PBXNativeTarget "HYCameroDemoTests" */;
			buildPhases = (
				EC5EBE611E07C4C60030FDCF /* Sources */,
				EC5EBE621E07C4C60030FDCF /* Frameworks */,
				EC5EBE631E07C4C60030FDCF /* Resources */,
			);
			buildRules = (
			);
			dependencies = (
				EC5EBE671E07C4C60030FDCF /* PBXTargetDependency */,
			);
			name = HYCameroDemoTests;
			productName = HYCameroDemoTests;
			productReference = EC5EBE651E07C4C60030FDCF /* HYCameroDemoTests.xctest */;
			productType = "com.apple.product-type.bundle.unit-test";
		};
		EC5EBE6F1E07C4C60030FDCF /* HYCameroDemoUITests */ = {
			isa = PBXNativeTarget;
			buildConfigurationList = EC5EBE7F1E07C4C60030FDCF /* Build configuration list for PBXNativeTarget "HYCameroDemoUITests" */;
			buildPhases = (
				EC5EBE6C1E07C4C60030FDCF /* Sources */,
				EC5EBE6D1E07C4C60030FDCF /* Frameworks */,
				EC5EBE6E1E07C4C60030FDCF /* Resources */,
			);
			buildRules = (
			);
			dependencies = (
				EC5EBE721E07C4C60030FDCF /* PBXTargetDependency */,
			);
			name = HYCameroDemoUITests;
			productName = HYCameroDemoUITests;
			productReference = EC5EBE701E07C4C60030FDCF /* HYCameroDemoUITests.xctest */;
			productType = "com.apple.product-type.bundle.ui-testing";
		};
/* End PBXNativeTarget section */

/* Begin PBXProject section */
		EC5EBE441E07C4C50030FDCF /* Project object */ = {
			isa = PBXProject;
			attributes = {
				LastUpgradeCheck = 0810;
				ORGANIZATIONNAME = Chy;
				TargetAttributes = {
					EC5EBE4B1E07C4C50030FDCF = {
						CreatedOnToolsVersion = 8.1;
						DevelopmentTeam = 56JANUDAHZ;
						ProvisioningStyle = Automatic;
					};
					EC5EBE641E07C4C60030FDCF = {
						CreatedOnToolsVersion = 8.1;
						DevelopmentTeam = 56JANUDAHZ;
						ProvisioningStyle = Automatic;
						TestTargetID = EC5EBE4B1E07C4C50030FDCF;
					};
					EC5EBE6F1E07C4C60030FDCF = {
						CreatedOnToolsVersion = 8.1;
						DevelopmentTeam = 56JANUDAHZ;
						ProvisioningStyle = Automatic;
						TestTargetID = EC5EBE4B1E07C4C50030FDCF;
					};
				};
			};
			buildConfigurationList = EC5EBE471E07C4C50030FDCF /* Build configuration list for PBXProject "HYCameroDemo" */;
			compatibilityVersion = "Xcode 3.2";
			developmentRegion = English;
			hasScannedForEncodings = 0;
			knownRegions = (
				en,
				Base,
			);
			mainGroup = EC5EBE431E07C4C50030FDCF;
			productRefGroup = EC5EBE4D1E07C4C50030FDCF /* Products */;
			projectDirPath = "";
			projectRoot = "";
			targets = (
				EC5EBE4B1E07C4C50030FDCF /* HYCameroDemo */,
				EC5EBE641E07C4C60030FDCF /* HYCameroDemoTests */,
				EC5EBE6F1E07C4C60030FDCF /* HYCameroDemoUITests */,
			);
		};
/* End PBXProject section */

/* Begin PBXResourcesBuildPhase section */
		EC5EBE4A1E07C4C50030FDCF /* Resources */ = {
			isa = PBXResourcesBuildPhase;
			buildActionMask = 2147483647;
			files = (
				EC5EBE5F1E07C4C60030FDCF /* LaunchScreen.storyboard in Resources */,
				EC5EBE5C1E07C4C60030FDCF /* Assets.xcassets in Resources */,
				EC5EBE5A1E07C4C60030FDCF /* Main.storyboard in Resources */,
			);
			runOnlyForDeploymentPostprocessing = 0;
		};
		EC5EBE631E07C4C60030FDCF /* Resources */ = {
			isa = PBXResourcesBuildPhase;
			buildActionMask = 2147483647;
			files = (
			);
			runOnlyForDeploymentPostprocessing = 0;
		};
		EC5EBE6E1E07C4C60030FDCF /* Resources */ = {
			isa = PBXResourcesBuildPhase;
			buildActionMask = 2147483647;
			files = (
			);
			runOnlyForDeploymentPostprocessing = 0;
		};
/* End PBXResourcesBuildPhase section */

/* Begin PBXSourcesBuildPhase section */
		EC5EBE481E07C4C50030FDCF /* Sources */ = {
			isa = PBXSourcesBuildPhase;
			buildActionMask = 2147483647;
			files = (
				EC5EBE571E07C4C60030FDCF /* ViewController.m in Sources */,
				EC5EBE951E07C7FC0030FDCF /* FastttCapturedImage+Process.m in Sources */,
				EC5EBE9F1E07C80A0030FDCF /* UIImage+FastttCamera.m in Sources */,
				EC5EBEAD1E07C8140030FDCF /* FastttFilter.m in Sources */,
				EC5EBE971E07C7FC0030FDCF /* FastttZoom.m in Sources */,
				EC5EBEAF1E07C8140030FDCF /* FastttLookupFilter.m in Sources */,
				EC5EBE541E07C4C60030FDCF /* AppDelegate.m in Sources */,
				EC5EBEAC1E07C8140030FDCF /* FastttEmptyFilter.m in Sources */,
				EC5EBEA01E07C80A0030FDCF /* UIViewController+FastttCamera.m in Sources */,
				EC5EBEB01E07C8140030FDCF /* UIImage+FastttFilters.m in Sources */,
				EC5EBE9E1E07C80A0030FDCF /* IFTTTDeviceOrientation.m in Sources */,
				EC5EBEAE1E07C8140030FDCF /* FastttFilterCamera.m in Sources */,
				EC5EBE861E07C7ED0030FDCF /* AVCaptureDevice+FastttCamera.m in Sources */,
				EC5EBE931E07C7FC0030FDCF /* FastttCamera.m in Sources */,
				EC5EBE511E07C4C50030FDCF /* main.m in Sources */,
				EC5EBE961E07C7FC0030FDCF /* FastttFocus.m in Sources */,
				EC5EBE941E07C7FC0030FDCF /* FastttCapturedImage.m in Sources */,
			);
			runOnlyForDeploymentPostprocessing = 0;
		};
		EC5EBE611E07C4C60030FDCF /* Sources */ = {
			isa = PBXSourcesBuildPhase;
			buildActionMask = 2147483647;
			files = (
				EC5EBE6A1E07C4C60030FDCF /* HYCameroDemoTests.m in Sources */,
			);
			runOnlyForDeploymentPostprocessing = 0;
		};
		EC5EBE6C1E07C4C60030FDCF /* Sources */ = {
			isa = PBXSourcesBuildPhase;
			buildActionMask = 2147483647;
			files = (
				EC5EBE751E07C4C60030FDCF /* HYCameroDemoUITests.m in Sources */,
			);
			runOnlyForDeploymentPostprocessing = 0;
		};
/* End PBXSourcesBuildPhase section */

/* Begin PBXTargetDependency section */
		EC5EBE671E07C4C60030FDCF /* PBXTargetDependency */ = {
			isa = PBXTargetDependency;
			target = EC5EBE4B1E07C4C50030FDCF /* HYCameroDemo */;
			targetProxy = EC5EBE661E07C4C60030FDCF /* PBXContainerItemProxy */;
		};
		EC5EBE721E07C4C60030FDCF /* PBXTargetDependency */ = {
			isa = PBXTargetDependency;
			target = EC5EBE4B1E07C4C50030FDCF /* HYCameroDemo */;
			targetProxy = EC5EBE711E07C4C60030FDCF /* PBXContainerItemProxy */;
		};
/* End PBXTargetDependency section */

/* Begin PBXVariantGroup section */
		EC5EBE581E07C4C60030FDCF /* Main.storyboard */ = {
			isa = PBXVariantGroup;
			children = (
				EC5EBE591E07C4C60030FDCF /* Base */,
			);
			name = Main.storyboard;
			sourceTree = "<group>";
		};
		EC5EBE5D1E07C4C60030FDCF /* LaunchScreen.storyboard */ = {
			isa = PBXVariantGroup;
			children = (
				EC5EBE5E1E07C4C60030FDCF /* Base */,
			);
			name = LaunchScreen.storyboard;
			sourceTree = "<group>";
		};
/* End PBXVariantGroup section */

/* Begin XCBuildConfiguration section */
		EC5EBE771E07C4C60030FDCF /* Debug */ = {
			isa = XCBuildConfiguration;
			buildSettings = {
				ALWAYS_SEARCH_USER_PATHS = NO;
				CLANG_ANALYZER_NONNULL = YES;
				CLANG_CXX_LANGUAGE_STANDARD = "gnu++0x";
				CLANG_CXX_LIBRARY = "libc++";
				CLANG_ENABLE_MODULES = YES;
				CLANG_ENABLE_OBJC_ARC = YES;
				CLANG_WARN_BOOL_CONVERSION = YES;
				CLANG_WARN_CONSTANT_CONVERSION = YES;
				CLANG_WARN_DIRECT_OBJC_ISA_USAGE = YES_ERROR;
				CLANG_WARN_DOCUMENTATION_COMMENTS = YES;
				CLANG_WARN_EMPTY_BODY = YES;
				CLANG_WARN_ENUM_CONVERSION = YES;
				CLANG_WARN_INFINITE_RECURSION = YES;
				CLANG_WARN_INT_CONVERSION = YES;
				CLANG_WARN_OBJC_ROOT_CLASS = YES_ERROR;
				CLANG_WARN_SUSPICIOUS_MOVES = YES;
				CLANG_WARN_UNREACHABLE_CODE = YES;
				CLANG_WARN__DUPLICATE_METHOD_MATCH = YES;
				"CODE_SIGN_IDENTITY[sdk=iphoneos*]" = "iPhone Developer";
				COPY_PHASE_STRIP = NO;
				DEBUG_INFORMATION_FORMAT = dwarf;
				ENABLE_STRICT_OBJC_MSGSEND = YES;
				ENABLE_TESTABILITY = YES;
				GCC_C_LANGUAGE_STANDARD = gnu99;
				GCC_DYNAMIC_NO_PIC = NO;
				GCC_NO_COMMON_BLOCKS = YES;
				GCC_OPTIMIZATION_LEVEL = 0;
				GCC_PREPROCESSOR_DEFINITIONS = (
					"DEBUG=1",
					"$(inherited)",
				);
				GCC_WARN_64_TO_32_BIT_CONVERSION = YES;
				GCC_WARN_ABOUT_RETURN_TYPE = YES_ERROR;
				GCC_WARN_UNDECLARED_SELECTOR = YES;
				GCC_WARN_UNINITIALIZED_AUTOS = YES_AGGRESSIVE;
				GCC_WARN_UNUSED_FUNCTION = YES;
				GCC_WARN_UNUSED_VARIABLE = YES;
				IPHONEOS_DEPLOYMENT_TARGET = 10.1;
				MTL_ENABLE_DEBUG_INFO = YES;
				ONLY_ACTIVE_ARCH = YES;
				SDKROOT = iphoneos;
				TARGETED_DEVICE_FAMILY = "1,2";
			};
			name = Debug;
		};
		EC5EBE781E07C4C60030FDCF /* Release */ = {
			isa = XCBuildConfiguration;
			buildSettings = {
				ALWAYS_SEARCH_USER_PATHS = NO;
				CLANG_ANALYZER_NONNULL = YES;
				CLANG_CXX_LANGUAGE_STANDARD = "gnu++0x";
				CLANG_CXX_LIBRARY = "libc++";
				CLANG_ENABLE_MODULES = YES;
				CLANG_ENABLE_OBJC_ARC = YES;
				CLANG_WARN_BOOL_CONVERSION = YES;
				CLANG_WARN_CONSTANT_CONVERSION = YES;
				CLANG_WARN_DIRECT_OBJC_ISA_USAGE = YES_ERROR;
				CLANG_WARN_DOCUMENTATION_COMMENTS = YES;
				CLANG_WARN_EMPTY_BODY = YES;
				CLANG_WARN_ENUM_CONVERSION = YES;
				CLANG_WARN_INFINITE_RECURSION = YES;
				CLANG_WARN_INT_CONVERSION = YES;
				CLANG_WARN_OBJC_ROOT_CLASS = YES_ERROR;
				CLANG_WARN_SUSPICIOUS_MOVES = YES;
				CLANG_WARN_UNREACHABLE_CODE = YES;
				CLANG_WARN__DUPLICATE_METHOD_MATCH = YES;
				"CODE_SIGN_IDENTITY[sdk=iphoneos*]" = "iPhone Developer";
				COPY_PHASE_STRIP = NO;
				DEBUG_INFORMATION_FORMAT = "dwarf-with-dsym";
				ENABLE_NS_ASSERTIONS = NO;
				ENABLE_STRICT_OBJC_MSGSEND = YES;
				GCC_C_LANGUAGE_STANDARD = gnu99;
				GCC_NO_COMMON_BLOCKS = YES;
				GCC_WARN_64_TO_32_BIT_CONVERSION = YES;
				GCC_WARN_ABOUT_RETURN_TYPE = YES_ERROR;
				GCC_WARN_UNDECLARED_SELECTOR = YES;
				GCC_WARN_UNINITIALIZED_AUTOS = YES_AGGRESSIVE;
				GCC_WARN_UNUSED_FUNCTION = YES;
				GCC_WARN_UNUSED_VARIABLE = YES;
				IPHONEOS_DEPLOYMENT_TARGET = 10.1;
				MTL_ENABLE_DEBUG_INFO = NO;
				SDKROOT = iphoneos;
				TARGETED_DEVICE_FAMILY = "1,2";
				VALIDATE_PRODUCT = YES;
			};
			name = Release;
		};
		EC5EBE7A1E07C4C60030FDCF /* Debug */ = {
			isa = XCBuildConfiguration;
			buildSettings = {
				ASSETCATALOG_COMPILER_APPICON_NAME = AppIcon;
				DEVELOPMENT_TEAM = 56JANUDAHZ;
				INFOPLIST_FILE = HYCameroDemo/Info.plist;
				LD_RUNPATH_SEARCH_PATHS = "$(inherited) @executable_path/Frameworks";
				PRODUCT_BUNDLE_IDENTIFIER = CHY.HYCameroDemo;
				PRODUCT_NAME = "$(TARGET_NAME)";
			};
			name = Debug;
		};
		EC5EBE7B1E07C4C60030FDCF /* Release */ = {
			isa = XCBuildConfiguration;
			buildSettings = {
				ASSETCATALOG_COMPILER_APPICON_NAME = AppIcon;
				DEVELOPMENT_TEAM = 56JANUDAHZ;
				INFOPLIST_FILE = HYCameroDemo/Info.plist;
				LD_RUNPATH_SEARCH_PATHS = "$(inherited) @executable_path/Frameworks";
				PRODUCT_BUNDLE_IDENTIFIER = CHY.HYCameroDemo;
				PRODUCT_NAME = "$(TARGET_NAME)";
			};
			name = Release;
		};
		EC5EBE7D1E07C4C60030FDCF /* Debug */ = {
			isa = XCBuildConfiguration;
			buildSettings = {
				BUNDLE_LOADER = "$(TEST_HOST)";
				DEVELOPMENT_TEAM = 56JANUDAHZ;
				INFOPLIST_FILE = HYCameroDemoTests/Info.plist;
				LD_RUNPATH_SEARCH_PATHS = "$(inherited) @executable_path/Frameworks @loader_path/Frameworks";
				PRODUCT_BUNDLE_IDENTIFIER = CHY.HYCameroDemoTests;
				PRODUCT_NAME = "$(TARGET_NAME)";
				TEST_HOST = "$(BUILT_PRODUCTS_DIR)/HYCameroDemo.app/HYCameroDemo";
			};
			name = Debug;
		};
		EC5EBE7E1E07C4C60030FDCF /* Release */ = {
			isa = XCBuildConfiguration;
			buildSettings = {
				BUNDLE_LOADER = "$(TEST_HOST)";
				DEVELOPMENT_TEAM = 56JANUDAHZ;
				INFOPLIST_FILE = HYCameroDemoTests/Info.plist;
				LD_RUNPATH_SEARCH_PATHS = "$(inherited) @executable_path/Frameworks @loader_path/Frameworks";
				PRODUCT_BUNDLE_IDENTIFIER = CHY.HYCameroDemoTests;
				PRODUCT_NAME = "$(TARGET_NAME)";
				TEST_HOST = "$(BUILT_PRODUCTS_DIR)/HYCameroDemo.app/HYCameroDemo";
			};
			name = Release;
		};
		EC5EBE801E07C4C60030FDCF /* Debug */ = {
			isa = XCBuildConfiguration;
			buildSettings = {
				DEVELOPMENT_TEAM = 56JANUDAHZ;
				INFOPLIST_FILE = HYCameroDemoUITests/Info.plist;
				LD_RUNPATH_SEARCH_PATHS = "$(inherited) @executable_path/Frameworks @loader_path/Frameworks";
				PRODUCT_BUNDLE_IDENTIFIER = CHY.HYCameroDemoUITests;
				PRODUCT_NAME = "$(TARGET_NAME)";
				TEST_TARGET_NAME = HYCameroDemo;
			};
			name = Debug;
		};
		EC5EBE811E07C4C60030FDCF /* Release */ = {
			isa = XCBuildConfiguration;
			buildSettings = {
				DEVELOPMENT_TEAM = 56JANUDAHZ;
				INFOPLIST_FILE = HYCameroDemoUITests/Info.plist;
				LD_RUNPATH_SEARCH_PATHS = "$(inherited) @executable_path/Frameworks @loader_path/Frameworks";
				PRODUCT_BUNDLE_IDENTIFIER = CHY.HYCameroDemoUITests;
				PRODUCT_NAME = "$(TARGET_NAME)";
				TEST_TARGET_NAME = HYCameroDemo;
			};
			name = Release;
		};
/* End XCBuildConfiguration section */

/* Begin XCConfigurationList section */
		EC5EBE471E07C4C50030FDCF /* Build configuration list for PBXProject "HYCameroDemo" */ = {
			isa = XCConfigurationList;
			buildConfigurations = (
				EC5EBE771E07C4C60030FDCF /* Debug */,
				EC5EBE781E07C4C60030FDCF /* Release */,
			);
			defaultConfigurationIsVisible = 0;
			defaultConfigurationName = Release;
		};
		EC5EBE791E07C4C60030FDCF /* Build configuration list for PBXNativeTarget "HYCameroDemo" */ = {
			isa = XCConfigurationList;
			buildConfigurations = (
				EC5EBE7A1E07C4C60030FDCF /* Debug */,
				EC5EBE7B1E07C4C60030FDCF /* Release */,
			);
			defaultConfigurationIsVisible = 0;
		};
		EC5EBE7C1E07C4C60030FDCF /* Build configuration list for PBXNativeTarget "HYCameroDemoTests" */ = {
			isa = XCConfigurationList;
			buildConfigurations = (
				EC5EBE7D1E07C4C60030FDCF /* Debug */,
				EC5EBE7E1E07C4C60030FDCF /* Release */,
			);
			defaultConfigurationIsVisible = 0;
		};
		EC5EBE7F1E07C4C60030FDCF /* Build configuration list for PBXNativeTarget "HYCameroDemoUITests" */ = {
			isa = XCConfigurationList;
			buildConfigurations = (
				EC5EBE801E07C4C60030FDCF /* Debug */,
				EC5EBE811E07C4C60030FDCF /* Release */,
			);
			defaultConfigurationIsVisible = 0;
		};
/* End XCConfigurationList section */
	};
	rootObject = EC5EBE441E07C4C50030FDCF /* Project object */;
}
